
Microsoft Visual Studio Solution File, Format Version 12.00
# Visual Studio Version 16
VisualStudioVersion = 16.0.31911.196
MinimumVisualStudioVersion = 10.0.40219.1
Project("{9A19103F-16F7-4668-BE54-9A1E7A4F7556}") = "ClassLibrary1", "ClassLibrary1\ClassLibrary1.csproj", "{E186D09F-FA31-4BCC-8278-BB70A0B04CAA}"
EndProject
Project("{9A19103F-16F7-4668-BE54-9A1E7A4F7556}") = "Task01", "Task1\Task01.csproj", "{53F6565A-DDB6-480D-956D-0637F10DCD10}"
EndProject
Project("{9A19103F-16F7-4668-BE54-9A1E7A4F7556}") = "Task02", "Task2\Task02.csproj", "{85F47288-D1FE-4E3B-AA1E-D0886AA66CAA}"
EndProject
Project("{9A19103F-16F7-4668-BE54-9A1E7A4F7556}") = "Task03", "Task3\Task03.csproj", "{53169C57-F981-4B41-81C9-F9A03AF99F84}"
EndProject
Project("{9A19103F-16F7-4668-BE54-9A1E7A4F7556}") = "Task04", "Task4\Task04.csproj", "{E7B6E67E-F0A5-4323-91EE-D94823803E76}"
EndProject
Project("{9A19103F-16F7-4668-BE54-9A1E7A4F7556}") = "Task05", "Task5\Task05.csproj", "{698544BA-C11C-4CE2-9E00-0BE172ABB117}"
EndProject
Project("{9A19103F-16F7-4668-BE54-9A1E7A4F7556}") = "Task06", "Task6\Task06.csproj", "{1689338B-FFEC-4B3D-9C45-7DB779EB3E4A}"
EndProject
Project("{9A19103F-16F7-4668-BE54-9A1E7A4F7556}") = "Task07", "Task7\Task07.csproj", "{28453731-60B9-4089-AB6B-0838F1451433}"
EndProject
Project("{9A19103F-16F7-4668-BE54-9A1E7A4F7556}") = "Task08", "Task8\Task08.csproj", "{BB1B18E9-E814-4351-9F1D-46DC2B8B534F}"
EndProject
Project("{9A19103F-16F7-4668-BE54-9A1E7A4F7556}") = "Task09", "Task9\Task09.csproj", "{5343F73E-7A87-42D7-9F4B-5C7533CFA828}"
EndProject
Project("{9A19103F-16F7-4668-BE54-9A1E7A4F7556}") = "Task10", "Task10\Task10.csproj", "{D40EBCBB-DFE7-4F5D-AE08-1E7D2729A279}"
EndProject
Project("{9A19103F-16F7-4668-BE54-9A1E7A4F7556}") = "Task11", "Task11\Task11.csproj", "{E4D76187-7D77-4EDF-95AD-944929B4F6D3}"
EndProject
Project("{9A19103F-16F7-4668-BE54-9A1E7A4F7556}") = "Task12", "Task12\Task12.csproj", "{D8A85346-B8F7-4FF7-9F0B-4E7F98531895}"
EndProject
Project("{9A19103F-16F7-4668-BE54-9A1E7A4F7556}") = "Task13", "Task13\Task13.csproj", "{525140B9-96A8-49DF-BC3C-86C111E54EA1}"
EndProject
Project("{9A19103F-16F7-4668-BE54-9A1E7A4F7556}") = "Task14", "Task14\Task14.csproj", "{362A804F-4EB1-4DC4-AEB1-14886019EEDC}"
EndProject
Project("{FAE04EC0-301F-11D3-BF4B-00C04F79EFBC}") = "Task15", "Task15\Task15.csproj", "{9C2E9855-CCF7-496A-BB1A-2C55A7DF5245}"
EndProject
Global
	GlobalSection(SolutionConfigurationPlatforms) = preSolution
		Debug|Any CPU = Debug|Any CPU
		Release|Any CPU = Release|Any CPU
	EndGlobalSection
	GlobalSection(ProjectConfigurationPlatforms) = postSolution
		{E186D09F-FA31-4BCC-8278-BB70A0B04CAA}.Debug|Any CPU.ActiveCfg = Debug|Any CPU
		{E186D09F-FA31-4BCC-8278-BB70A0B04CAA}.Debug|Any CPU.Build.0 = Debug|Any CPU
		{E186D09F-FA31-4BCC-8278-BB70A0B04CAA}.Release|Any CPU.ActiveCfg = Release|Any CPU
		{E186D09F-FA31-4BCC-8278-BB70A0B04CAA}.Release|Any CPU.Build.0 = Release|Any CPU
		{53F6565A-DDB6-480D-956D-0637F10DCD10}.Debug|Any CPU.ActiveCfg = Debug|Any CPU
		{53F6565A-DDB6-480D-956D-0637F10DCD10}.Debug|Any CPU.Build.0 = Debug|Any CPU
		{53F6565A-DDB6-480D-956D-0637F10DCD10}.Release|Any CPU.ActiveCfg = Release|Any CPU
		{53F6565A-DDB6-480D-956D-0637F10DCD10}.Release|Any CPU.Build.0 = Release|Any CPU
		{85F47288-D1FE-4E3B-AA1E-D0886AA66CAA}.Debug|Any CPU.ActiveCfg = Debug|Any CPU
		{85F47288-D1FE-4E3B-AA1E-D0886AA66CAA}.Debug|Any CPU.Build.0 = Debug|Any CPU
		{85F47288-D1FE-4E3B-AA1E-D0886AA66CAA}.Release|Any CPU.ActiveCfg = Release|Any CPU
		{85F47288-D1FE-4E3B-AA1E-D0886AA66CAA}.Release|Any CPU.Build.0 = Release|Any CPU
		{53169C57-F981-4B41-81C9-F9A03AF99F84}.Debug|Any CPU.ActiveCfg = Debug|Any CPU
		{53169C57-F981-4B41-81C9-F9A03AF99F84}.Debug|Any CPU.Build.0 = Debug|Any CPU
		{53169C57-F981-4B41-81C9-F9A03AF99F84}.Release|Any CPU.ActiveCfg = Release|Any CPU
		{53169C57-F981-4B41-81C9-F9A03AF99F84}.Release|Any CPU.Build.0 = Release|Any CPU
		{E7B6E67E-F0A5-4323-91EE-D94823803E76}.Debug|Any CPU.ActiveCfg = Debug|Any CPU
		{E7B6E67E-F0A5-4323-91EE-D94823803E76}.Debug|Any CPU.Build.0 = Debug|Any CPU
		{E7B6E67E-F0A5-4323-91EE-D94823803E76}.Release|Any CPU.ActiveCfg = Release|Any CPU
		{E7B6E67E-F0A5-4323-91EE-D94823803E76}.Release|Any CPU.Build.0 = Release|Any CPU
		{698544BA-C11C-4CE2-9E00-0BE172ABB117}.Debug|Any CPU.ActiveCfg = Debug|Any CPU
		{698544BA-C11C-4CE2-9E00-0BE172ABB117}.Debug|Any CPU.Build.0 = Debug|Any CPU
		{698544BA-C11C-4CE2-9E00-0BE172ABB117}.Release|Any CPU.ActiveCfg = Release|Any CPU
		{698544BA-C11C-4CE2-9E00-0BE172ABB117}.Release|Any CPU.Build.0 = Release|Any CPU
		{1689338B-FFEC-4B3D-9C45-7DB779EB3E4A}.Debug|Any CPU.ActiveCfg = Debug|Any CPU
		{1689338B-FFEC-4B3D-9C45-7DB779EB3E4A}.Debug|Any CPU.Build.0 = Debug|Any CPU
		{1689338B-FFEC-4B3D-9C45-7DB779EB3E4A}.Release|Any CPU.ActiveCfg = Release|Any CPU
		{1689338B-FFEC-4B3D-9C45-7DB779EB3E4A}.Release|Any CPU.Build.0 = Release|Any CPU
		{28453731-60B9-4089-AB6B-0838F1451433}.Debug|Any CPU.ActiveCfg = Debug|Any CPU
		{28453731-60B9-4089-AB6B-0838F1451433}.Debug|Any CPU.Build.0 = Debug|Any CPU
		{28453731-60B9-4089-AB6B-0838F1451433}.Release|Any CPU.ActiveCfg = Release|Any CPU
		{28453731-60B9-4089-AB6B-0838F1451433}.Release|Any CPU.Build.0 = Release|Any CPU
		{BB1B18E9-E814-4351-9F1D-46DC2B8B534F}.Debug|Any CPU.ActiveCfg = Debug|Any CPU
		{BB1B18E9-E814-4351-9F1D-46DC2B8B534F}.Debug|Any CPU.Build.0 = Debug|Any CPU
		{BB1B18E9-E814-4351-9F1D-46DC2B8B534F}.Release|Any CPU.ActiveCfg = Release|Any CPU
		{BB1B18E9-E814-4351-9F1D-46DC2B8B534F}.Release|Any CPU.Build.0 = Release|Any CPU
		{5343F73E-7A87-42D7-9F4B-5C7533CFA828}.Debug|Any CPU.ActiveCfg = Debug|Any CPU
		{5343F73E-7A87-42D7-9F4B-5C7533CFA828}.Debug|Any CPU.Build.0 = Debug|Any CPU
		{5343F73E-7A87-42D7-9F4B-5C7533CFA828}.Release|Any CPU.ActiveCfg = Release|Any CPU
		{5343F73E-7A87-42D7-9F4B-5C7533CFA828}.Release|Any CPU.Build.0 = Release|Any CPU
		{D40EBCBB-DFE7-4F5D-AE08-1E7D2729A279}.Debug|Any CPU.ActiveCfg = Debug|Any CPU
		{D40EBCBB-DFE7-4F5D-AE08-1E7D2729A279}.Debug|Any CPU.Build.0 = Debug|Any CPU
		{D40EBCBB-DFE7-4F5D-AE08-1E7D2729A279}.Release|Any CPU.ActiveCfg = Release|Any CPU
		{D40EBCBB-DFE7-4F5D-AE08-1E7D2729A279}.Release|Any CPU.Build.0 = Release|Any CPU
		{E4D76187-7D77-4EDF-95AD-944929B4F6D3}.Debug|Any CPU.ActiveCfg = Debug|Any CPU
		{E4D76187-7D77-4EDF-95AD-944929B4F6D3}.Debug|Any CPU.Build.0 = Debug|Any CPU
		{E4D76187-7D77-4EDF-95AD-944929B4F6D3}.Release|Any CPU.ActiveCfg = Release|Any CPU
		{E4D76187-7D77-4EDF-95AD-944929B4F6D3}.Release|Any CPU.Build.0 = Release|Any CPU
		{D8A85346-B8F7-4FF7-9F0B-4E7F98531895}.Debug|Any CPU.ActiveCfg = Debug|Any CPU
		{D8A85346-B8F7-4FF7-9F0B-4E7F98531895}.Debug|Any CPU.Build.0 = Debug|Any CPU
		{D8A85346-B8F7-4FF7-9F0B-4E7F98531895}.Release|Any CPU.ActiveCfg = Release|Any CPU
		{D8A85346-B8F7-4FF7-9F0B-4E7F98531895}.Release|Any CPU.Build.0 = Release|Any CPU
		{525140B9-96A8-49DF-BC3C-86C111E54EA1}.Debug|Any CPU.ActiveCfg = Debug|Any CPU
		{525140B9-96A8-49DF-BC3C-86C111E54EA1}.Debug|Any CPU.Build.0 = Debug|Any CPU
		{525140B9-96A8-49DF-BC3C-86C111E54EA1}.Release|Any CPU.ActiveCfg = Release|Any CPU
		{525140B9-96A8-49DF-BC3C-86C111E54EA1}.Release|Any CPU.Build.0 = Release|Any CPU
		{362A804F-4EB1-4DC4-AEB1-14886019EEDC}.Debug|Any CPU.ActiveCfg = Debug|Any CPU
		{362A804F-4EB1-4DC4-AEB1-14886019EEDC}.Debug|Any CPU.Build.0 = Debug|Any CPU
		{362A804F-4EB1-4DC4-AEB1-14886019EEDC}.Release|Any CPU.ActiveCfg = Release|Any CPU
		{362A804F-4EB1-4DC4-AEB1-14886019EEDC}.Release|Any CPU.Build.0 = Release|Any CPU
		{9C2E9855-CCF7-496A-BB1A-2C55A7DF5245}.Debug|Any CPU.ActiveCfg = Debug|Any CPU
		{9C2E9855-CCF7-496A-BB1A-2C55A7DF5245}.Debug|Any CPU.Build.0 = Debug|Any CPU
		{9C2E9855-CCF7-496A-BB1A-2C55A7DF5245}.Release|Any CPU.ActiveCfg = Release|Any CPU
		{9C2E9855-CCF7-496A-BB1A-2C55A7DF5245}.Release|Any CPU.Build.0 = Release|Any CPU
	EndGlobalSection
	GlobalSection(SolutionProperties) = preSolution
		HideSolutionNode = FALSE
	EndGlobalSection
	GlobalSection(ExtensibilityGlobals) = postSolution
		SolutionGuid = {9BFA9199-A3D0-49AA-9F46-8AC2BE65E070}
	EndGlobalSection
EndGlobal
